# THIS IS AN AUTOGENERATED FILE. DO NOT EDIT THIS FILE DIRECTLY.
# yarn lockfile v1


sonic-channel@^1.2.6:
  version "1.2.6"
  resolved "https://registry.yarnpkg.com/sonic-channel/-/sonic-channel-1.2.6.tgz#b8ae761eeaa5a3854f073f0865309103d2eefb52"
  integrity sha512-vJaC27/bYvd2v2ZKx6njHoQGxoLOHLjXHc7XF+3BAyNSULJ/A1lYyJkCdVgskvpIfpX5khpsg0aWAT4sORppSA==

uuid@^8.3.1:
  version "8.3.1"
  resolved "https://registry.yarnpkg.com/uuid/-/uuid-8.3.1.tgz#2ba2e6ca000da60fce5a196954ab241131e05a31"
  integrity sha512-FOmRr+FmWEIG8uhZv6C2bTgEVXsHk08kE7mPlrBbEe+c3r9pjceVPgupIfNIhc4yx55H69OXANrUaSuu9eInKg==
